
Microsoft Visual Studio Solution File, Format Version 12.00
# Visual Studio Version 17
VisualStudioVersion = 17.10.35027.167
MinimumVisualStudioVersion = 10.0.40219.1
Project("{FAE04EC0-301F-11D3-BF4B-00C04F79EFBC}") = "ByteStreamReverse", "ByteStreamReverse.csproj", "{7A319373-BD24-4734-965E-E684BF5A40FE}"
EndProject
Global
	GlobalSection(SolutionConfigurationPlatforms) = preSolution
		Debug|Any CPU = Debug|Any CPU
		Release|Any CPU = Release|Any CPU
	EndGlobalSection
	GlobalSection(ProjectConfigurationPlatforms) = postSolution
		{7A319373-BD24-4734-965E-E684BF5A40FE}.Debug|Any CPU.ActiveCfg = Debug|Any CPU
		{7A319373-BD24-4734-965E-E684BF5A40FE}.Debug|Any CPU.Build.0 = Debug|Any CPU
		{7A319373-BD24-4734-965E-E684BF5A40FE}.Release|Any CPU.ActiveCfg = Release|Any CPU
		{7A319373-BD24-4734-965E-E684BF5A40FE}.Release|Any CPU.Build.0 = Release|Any CPU
	EndGlobalSection
	GlobalSection(SolutionProperties) = preSolution
		HideSolutionNode = FALSE
	EndGlobalSection
	GlobalSection(ExtensibilityGlobals) = postSolution
		SolutionGuid = {4A52CAB3-3A7D-4764-82DE-707BD4DE9B8F}
	EndGlobalSection
EndGlobal
